
Microsoft Visual Studio Solution File, Format Version 12.00
# Visual Studio Version 16
VisualStudioVersion = 16.0.31019.35
MinimumVisualStudioVersion = 10.0.40219.1
Project("{8BC9CEB8-8B4A-11D0-8D11-00A0C91BC942}") = "Çılgın Robot 3.0", "Çılgın Robot 3.0.vcxproj", "{27A5B092-76F6-42B4-B427-DC1025C491BD}"
EndProject
Project("{54435603-DBB4-11D2-8724-00A0C9A8B90C}") = "Cilgin Robot 3.0", "..\Setup Test\Setup Test.vdproj", "{536768B3-DA31-4078-B0BC-A7AB151DF588}"
EndProject
Project("{840C416C-B8F3-42BC-B0DD-F6BB14C9F8CB}") = "Setup Advanced", "..\Setup Advanced\Setup Advanced.aiproj", "{BEAA4AC5-3203-49CC-8D7B-C4A3CED4A362}"
EndProject
Global
	GlobalSection(SolutionConfigurationPlatforms) = preSolution
		All|x64 = All|x64
		All|x86 = All|x86
		Debug|x64 = Debug|x64
		Debug|x86 = Debug|x86
		DefaultBuild|x64 = DefaultBuild|x64
		DefaultBuild|x86 = DefaultBuild|x86
		Release|x64 = Release|x64
		Release|x86 = Release|x86
	EndGlobalSection
	GlobalSection(ProjectConfigurationPlatforms) = postSolution
		{27A5B092-76F6-42B4-B427-DC1025C491BD}.All|x64.ActiveCfg = Debug|x64
		{27A5B092-76F6-42B4-B427-DC1025C491BD}.All|x64.Build.0 = Debug|x64
		{27A5B092-76F6-42B4-B427-DC1025C491BD}.All|x86.ActiveCfg = Release|Win32
		{27A5B092-76F6-42B4-B427-DC1025C491BD}.All|x86.Build.0 = Release|Win32
		{27A5B092-76F6-42B4-B427-DC1025C491BD}.Debug|x64.ActiveCfg = Release|x64
		{27A5B092-76F6-42B4-B427-DC1025C491BD}.Debug|x64.Build.0 = Release|x64
		{27A5B092-76F6-42B4-B427-DC1025C491BD}.Debug|x86.ActiveCfg = Debug|Win32
		{27A5B092-76F6-42B4-B427-DC1025C491BD}.Debug|x86.Build.0 = Debug|Win32
		{27A5B092-76F6-42B4-B427-DC1025C491BD}.DefaultBuild|x64.ActiveCfg = Debug|x64
		{27A5B092-76F6-42B4-B427-DC1025C491BD}.DefaultBuild|x64.Build.0 = Debug|x64
		{27A5B092-76F6-42B4-B427-DC1025C491BD}.DefaultBuild|x86.ActiveCfg = Debug|Win32
		{27A5B092-76F6-42B4-B427-DC1025C491BD}.DefaultBuild|x86.Build.0 = Debug|Win32
		{27A5B092-76F6-42B4-B427-DC1025C491BD}.Release|x64.ActiveCfg = Release|x64
		{27A5B092-76F6-42B4-B427-DC1025C491BD}.Release|x64.Build.0 = Release|x64
		{27A5B092-76F6-42B4-B427-DC1025C491BD}.Release|x86.ActiveCfg = Release|Win32
		{27A5B092-76F6-42B4-B427-DC1025C491BD}.Release|x86.Build.0 = Release|Win32
		{536768B3-DA31-4078-B0BC-A7AB151DF588}.All|x64.ActiveCfg = Release
		{536768B3-DA31-4078-B0BC-A7AB151DF588}.All|x64.Build.0 = Release
		{536768B3-DA31-4078-B0BC-A7AB151DF588}.All|x86.ActiveCfg = Release
		{536768B3-DA31-4078-B0BC-A7AB151DF588}.All|x86.Build.0 = Release
		{536768B3-DA31-4078-B0BC-A7AB151DF588}.Debug|x64.ActiveCfg = Debug
		{536768B3-DA31-4078-B0BC-A7AB151DF588}.Debug|x86.ActiveCfg = Debug
		{536768B3-DA31-4078-B0BC-A7AB151DF588}.DefaultBuild|x64.ActiveCfg = Debug
		{536768B3-DA31-4078-B0BC-A7AB151DF588}.DefaultBuild|x64.Build.0 = Debug
		{536768B3-DA31-4078-B0BC-A7AB151DF588}.DefaultBuild|x86.ActiveCfg = Debug
		{536768B3-DA31-4078-B0BC-A7AB151DF588}.DefaultBuild|x86.Build.0 = Debug
		{536768B3-DA31-4078-B0BC-A7AB151DF588}.Release|x64.ActiveCfg = Debug
		{536768B3-DA31-4078-B0BC-A7AB151DF588}.Release|x64.Build.0 = Debug
		{536768B3-DA31-4078-B0BC-A7AB151DF588}.Release|x86.ActiveCfg = Release
		{BEAA4AC5-3203-49CC-8D7B-C4A3CED4A362}.All|x64.ActiveCfg = DefaultBuild
		{BEAA4AC5-3203-49CC-8D7B-C4A3CED4A362}.All|x86.ActiveCfg = DefaultBuild
		{BEAA4AC5-3203-49CC-8D7B-C4A3CED4A362}.Debug|x64.ActiveCfg = DefaultBuild
		{BEAA4AC5-3203-49CC-8D7B-C4A3CED4A362}.Debug|x64.Build.0 = DefaultBuild
		{BEAA4AC5-3203-49CC-8D7B-C4A3CED4A362}.Debug|x86.ActiveCfg = DefaultBuild
		{BEAA4AC5-3203-49CC-8D7B-C4A3CED4A362}.DefaultBuild|x64.ActiveCfg = DefaultBuild
		{BEAA4AC5-3203-49CC-8D7B-C4A3CED4A362}.DefaultBuild|x86.ActiveCfg = DefaultBuild
		{BEAA4AC5-3203-49CC-8D7B-C4A3CED4A362}.Release|x64.ActiveCfg = DefaultBuild
		{BEAA4AC5-3203-49CC-8D7B-C4A3CED4A362}.Release|x86.ActiveCfg = DefaultBuild
	EndGlobalSection
	GlobalSection(SolutionProperties) = preSolution
		HideSolutionNode = FALSE
	EndGlobalSection
	GlobalSection(ExtensibilityGlobals) = postSolution
		SolutionGuid = {074A3623-0567-43D8-ABB6-30289D99B07B}
	EndGlobalSection
EndGlobal
